// !$*UTF8*$!
{
	archiveVersion = 1;
	classes = {
	};
	objectVersion = 56;
	objects = {

/* Begin PBXBuildFile section */
		E702E3FA2B769A7E009965C5 /* AppDelegate.swift in Sources */ = {isa = PBXBuildFile; fileRef = E702E3F92B769A7E009965C5 /* AppDelegate.swift */; };
		E702E3FC2B769A7E009965C5 /* SceneDelegate.swift in Sources */ = {isa = PBXBuildFile; fileRef = E702E3FB2B769A7E009965C5 /* SceneDelegate.swift */; };
		E702E4012B769A7E009965C5 /* Main.storyboard in Resources */ = {isa = PBXBuildFile; fileRef = E702E3FF2B769A7E009965C5 /* Main.storyboard */; };
		E702E4032B769A7F009965C5 /* Icons.xcassets in Resources */ = {isa = PBXBuildFile; fileRef = E702E4022B769A7F009965C5 /* Icons.xcassets */; };
		E702E4062B769A7F009965C5 /* LaunchScreen.storyboard in Resources */ = {isa = PBXBuildFile; fileRef = E702E4042B769A7F009965C5 /* LaunchScreen.storyboard */; };
		E768B6832B9B6E5B00AC8A4C /* HeroesListVC.swift in Sources */ = {isa = PBXBuildFile; fileRef = E768B6822B9B6E5B00AC8A4C /* HeroesListVC.swift */; };
		E768B6862B9B6F1E00AC8A4C /* VC.swift in Sources */ = {isa = PBXBuildFile; fileRef = E768B6852B9B6F1E00AC8A4C /* VC.swift */; };
		E768B6892B9B710600AC8A4C /* Colors.xcassets in Resources */ = {isa = PBXBuildFile; fileRef = E768B6882B9B710600AC8A4C /* Colors.xcassets */; };
		E7A7153F2B92336A0019B191 /* UserDefaults+Codable.swift in Sources */ = {isa = PBXBuildFile; fileRef = E7A7153E2B92336A0019B191 /* UserDefaults+Codable.swift */; };
		E7F1942D2BA4A32200E5A4EF /* RepoManager.swift in Sources */ = {isa = PBXBuildFile; fileRef = E7F1942C2BA4A32200E5A4EF /* RepoManager.swift */; };
		E7F194322BA4A4FA00E5A4EF /* MarvelRepository.swift in Sources */ = {isa = PBXBuildFile; fileRef = E7F194312BA4A4FA00E5A4EF /* MarvelRepository.swift */; };
		E7F194352BA4A76D00E5A4EF /* Hero.swift in Sources */ = {isa = PBXBuildFile; fileRef = E7F194342BA4A76D00E5A4EF /* Hero.swift */; };
		E7F194372BA4AA9100E5A4EF /* MarvelApiRepository.swift in Sources */ = {isa = PBXBuildFile; fileRef = E7F194362BA4AA9100E5A4EF /* MarvelApiRepository.swift */; };
		E7F1943A2BA4B65C00E5A4EF /* +Heroes.swift in Sources */ = {isa = PBXBuildFile; fileRef = E7F194392BA4B65C00E5A4EF /* +Heroes.swift */; };
		E7F1943C2BA4D12200E5A4EF /* URLSession+JSON.swift in Sources */ = {isa = PBXBuildFile; fileRef = E7F1943B2BA4D12200E5A4EF /* URLSession+JSON.swift */; };
/* End PBXBuildFile section */

/* Begin PBXFileReference section */
		E702E3F62B769A7E009965C5 /* IOS.app */ = {isa = PBXFileReference; explicitFileType = wrapper.application; includeInIndex = 0; path = IOS.app; sourceTree = BUILT_PRODUCTS_DIR; };
		E702E3F92B769A7E009965C5 /* AppDelegate.swift */ = {isa = PBXFileReference; lastKnownFileType = sourcecode.swift; path = AppDelegate.swift; sourceTree = "<group>"; };
		E702E3FB2B769A7E009965C5 /* SceneDelegate.swift */ = {isa = PBXFileReference; lastKnownFileType = sourcecode.swift; path = SceneDelegate.swift; sourceTree = "<group>"; };
		E702E4002B769A7E009965C5 /* Base */ = {isa = PBXFileReference; lastKnownFileType = file.storyboard; name = Base; path = Base.lproj/Main.storyboard; sourceTree = "<group>"; };
		E702E4022B769A7F009965C5 /* Icons.xcassets */ = {isa = PBXFileReference; lastKnownFileType = folder.assetcatalog; path = Icons.xcassets; sourceTree = "<group>"; };
		E702E4052B769A7F009965C5 /* Base */ = {isa = PBXFileReference; lastKnownFileType = file.storyboard; name = Base; path = Base.lproj/LaunchScreen.storyboard; sourceTree = "<group>"; };
		E702E4072B769A7F009965C5 /* Info.plist */ = {isa = PBXFileReference; lastKnownFileType = text.plist.xml; path = Info.plist; sourceTree = "<group>"; };
		E768B6822B9B6E5B00AC8A4C /* HeroesListVC.swift */ = {isa = PBXFileReference; lastKnownFileType = sourcecode.swift; path = HeroesListVC.swift; sourceTree = "<group>"; };
		E768B6852B9B6F1E00AC8A4C /* VC.swift */ = {isa = PBXFileReference; lastKnownFileType = sourcecode.swift; path = VC.swift; sourceTree = "<group>"; };
		E768B6882B9B710600AC8A4C /* Colors.xcassets */ = {isa = PBXFileReference; lastKnownFileType = folder.assetcatalog; path = Colors.xcassets; sourceTree = "<group>"; };
		E7A7153E2B92336A0019B191 /* UserDefaults+Codable.swift */ = {isa = PBXFileReference; lastKnownFileType = sourcecode.swift; path = "UserDefaults+Codable.swift"; sourceTree = "<group>"; };
		E7F1942C2BA4A32200E5A4EF /* RepoManager.swift */ = {isa = PBXFileReference; lastKnownFileType = sourcecode.swift; path = RepoManager.swift; sourceTree = "<group>"; };
		E7F194312BA4A4FA00E5A4EF /* MarvelRepository.swift */ = {isa = PBXFileReference; lastKnownFileType = sourcecode.swift; path = MarvelRepository.swift; sourceTree = "<group>"; };
		E7F194342BA4A76D00E5A4EF /* Hero.swift */ = {isa = PBXFileReference; lastKnownFileType = sourcecode.swift; path = Hero.swift; sourceTree = "<group>"; };
		E7F194362BA4AA9100E5A4EF /* MarvelApiRepository.swift */ = {isa = PBXFileReference; lastKnownFileType = sourcecode.swift; path = MarvelApiRepository.swift; sourceTree = "<group>"; };
		E7F194392BA4B65C00E5A4EF /* +Heroes.swift */ = {isa = PBXFileReference; lastKnownFileType = sourcecode.swift; path = "+Heroes.swift"; sourceTree = "<group>"; };
		E7F1943B2BA4D12200E5A4EF /* URLSession+JSON.swift */ = {isa = PBXFileReference; lastKnownFileType = sourcecode.swift; path = "URLSession+JSON.swift"; sourceTree = "<group>"; };
/* End PBXFileReference section */

/* Begin PBXFrameworksBuildPhase section */
		E702E3F32B769A7E009965C5 /* Frameworks */ = {
			isa = PBXFrameworksBuildPhase;
			buildActionMask = 2147483647;
			files = (
			);
			runOnlyForDeploymentPostprocessing = 0;
		};
/* End PBXFrameworksBuildPhase section */

/* Begin PBXGroup section */
		E702E3ED2B769A7E009965C5 = {
			isa = PBXGroup;
			children = (
				E702E3F82B769A7E009965C5 /* IOS */,
				E702E3F72B769A7E009965C5 /* Products */,
			);
			sourceTree = "<group>";
		};
		E702E3F72B769A7E009965C5 /* Products */ = {
			isa = PBXGroup;
			children = (
				E702E3F62B769A7E009965C5 /* IOS.app */,
			);
			name = Products;
			sourceTree = "<group>";
		};
		E702E3F82B769A7E009965C5 /* IOS */ = {
			isa = PBXGroup;
			children = (
				E7F194332BA4A73200E5A4EF /* Models */,
				E7F1942B2BA4A2EE00E5A4EF /* RepositoryManager */,
				E768B6872B9B70AF00AC8A4C /* Assets */,
				E768B6842B9B6EA500AC8A4C /* Components */,
				E768B67F2B9B6DF000AC8A4C /* Views */,
				E768B67E2B9B6DC100AC8A4C /* Extensions */,
				E768B67D2B9B6B1500AC8A4C /* Setup */,
				E702E3FF2B769A7E009965C5 /* Main.storyboard */,
			);
			path = IOS;
			sourceTree = "<group>";
		};
		E768B67D2B9B6B1500AC8A4C /* Setup */ = {
			isa = PBXGroup;
			children = (
				E702E4042B769A7F009965C5 /* LaunchScreen.storyboard */,
				E702E4072B769A7F009965C5 /* Info.plist */,
				E702E3FB2B769A7E009965C5 /* SceneDelegate.swift */,
				E702E3F92B769A7E009965C5 /* AppDelegate.swift */,
			);
			path = Setup;
			sourceTree = "<group>";
		};
		E768B67E2B9B6DC100AC8A4C /* Extensions */ = {
			isa = PBXGroup;
			children = (
				E7A7153E2B92336A0019B191 /* UserDefaults+Codable.swift */,
				E7F1943B2BA4D12200E5A4EF /* URLSession+JSON.swift */,
			);
			path = Extensions;
			sourceTree = "<group>";
		};
		E768B67F2B9B6DF000AC8A4C /* Views */ = {
			isa = PBXGroup;
			children = (
				E768B6812B9B6E4200AC8A4C /* Cells */,
				E768B6802B9B6E3500AC8A4C /* VCS */,
			);
			path = Views;
			sourceTree = "<group>";
		};
		E768B6802B9B6E3500AC8A4C /* VCS */ = {
			isa = PBXGroup;
			children = (
				E768B6822B9B6E5B00AC8A4C /* HeroesListVC.swift */,
			);
			path = VCS;
			sourceTree = "<group>";
		};
		E768B6812B9B6E4200AC8A4C /* Cells */ = {
			isa = PBXGroup;
			children = (
			);
			path = Cells;
			sourceTree = "<group>";
		};
		E768B6842B9B6EA500AC8A4C /* Components */ = {
			isa = PBXGroup;
			children = (
				E768B6852B9B6F1E00AC8A4C /* VC.swift */,
			);
			path = Components;
			sourceTree = "<group>";
		};
		E768B6872B9B70AF00AC8A4C /* Assets */ = {
			isa = PBXGroup;
			children = (
				E702E4022B769A7F009965C5 /* Icons.xcassets */,
				E768B6882B9B710600AC8A4C /* Colors.xcassets */,
			);
			path = Assets;
			sourceTree = "<group>";
		};
		E7F1942B2BA4A2EE00E5A4EF /* RepositoryManager */ = {
			isa = PBXGroup;
			children = (
				E7F1942E2BA4A47100E5A4EF /* Marvel */,
				E7F1942C2BA4A32200E5A4EF /* RepoManager.swift */,
			);
			path = RepositoryManager;
			sourceTree = "<group>";
		};
		E7F1942E2BA4A47100E5A4EF /* Marvel */ = {
			isa = PBXGroup;
			children = (
				E7F194382BA4B63C00E5A4EF /* Api */,
				E7F194312BA4A4FA00E5A4EF /* MarvelRepository.swift */,
			);
			path = Marvel;
			sourceTree = "<group>";
		};
		E7F194332BA4A73200E5A4EF /* Models */ = {
			isa = PBXGroup;
			children = (
				E7F194342BA4A76D00E5A4EF /* Hero.swift */,
			);
			path = Models;
			sourceTree = "<group>";
		};
		E7F194382BA4B63C00E5A4EF /* Api */ = {
			isa = PBXGroup;
			children = (
				E7F194362BA4AA9100E5A4EF /* MarvelApiRepository.swift */,
				E7F194392BA4B65C00E5A4EF /* +Heroes.swift */,
			);
			path = Api;
			sourceTree = "<group>";
		};
/* End PBXGroup section */

/* Begin PBXNativeTarget section */
		E702E3F52B769A7E009965C5 /* IOS */ = {
			isa = PBXNativeTarget;
			buildConfigurationList = E702E40A2B769A7F009965C5 /* Build configuration list for PBXNativeTarget "IOS" */;
			buildPhases = (
				E702E3F22B769A7E009965C5 /* Sources */,
				E702E3F32B769A7E009965C5 /* Frameworks */,
				E702E3F42B769A7E009965C5 /* Resources */,
			);
			buildRules = (
			);
			dependencies = (
			);
			name = IOS;
			productName = IOS;
			productReference = E702E3F62B769A7E009965C5 /* IOS.app */;
			productType = "com.apple.product-type.application";
		};
/* End PBXNativeTarget section */

/* Begin PBXProject section */
		E702E3EE2B769A7E009965C5 /* Project object */ = {
			isa = PBXProject;
			attributes = {
				BuildIndependentTargetsInParallel = 1;
				LastSwiftUpdateCheck = 1520;
				LastUpgradeCheck = 1520;
				TargetAttributes = {
					E702E3F52B769A7E009965C5 = {
						CreatedOnToolsVersion = 15.2;
					};
				};
			};
			buildConfigurationList = E702E3F12B769A7E009965C5 /* Build configuration list for PBXProject "IOS" */;
			compatibilityVersion = "Xcode 14.0";
			developmentRegion = en;
			hasScannedForEncodings = 0;
			knownRegions = (
				en,
				Base,
			);
			mainGroup = E702E3ED2B769A7E009965C5;
			productRefGroup = E702E3F72B769A7E009965C5 /* Products */;
			projectDirPath = "";
			projectRoot = "";
			targets = (
				E702E3F52B769A7E009965C5 /* IOS */,
			);
		};
/* End PBXProject section */

/* Begin PBXResourcesBuildPhase section */
		E702E3F42B769A7E009965C5 /* Resources */ = {
			isa = PBXResourcesBuildPhase;
			buildActionMask = 2147483647;
			files = (
				E702E4062B769A7F009965C5 /* LaunchScreen.storyboard in Resources */,
				E768B6892B9B710600AC8A4C /* Colors.xcassets in Resources */,
				E702E4032B769A7F009965C5 /* Icons.xcassets in Resources */,
				E702E4012B769A7E009965C5 /* Main.storyboard in Resources */,
			);
			runOnlyForDeploymentPostprocessing = 0;
		};
/* End PBXResourcesBuildPhase section */

/* Begin PBXSourcesBuildPhase section */
		E702E3F22B769A7E009965C5 /* Sources */ = {
			isa = PBXSourcesBuildPhase;
			buildActionMask = 2147483647;
			files = (
				E7F1943C2BA4D12200E5A4EF /* URLSession+JSON.swift in Sources */,
				E768B6832B9B6E5B00AC8A4C /* HeroesListVC.swift in Sources */,
				E7F194322BA4A4FA00E5A4EF /* MarvelRepository.swift in Sources */,
				E7A7153F2B92336A0019B191 /* UserDefaults+Codable.swift in Sources */,
				E7F194352BA4A76D00E5A4EF /* Hero.swift in Sources */,
				E7F1942D2BA4A32200E5A4EF /* RepoManager.swift in Sources */,
				E7F1943A2BA4B65C00E5A4EF /* +Heroes.swift in Sources */,
				E7F194372BA4AA9100E5A4EF /* MarvelApiRepository.swift in Sources */,
				E702E3FA2B769A7E009965C5 /* AppDelegate.swift in Sources */,
				E768B6862B9B6F1E00AC8A4C /* VC.swift in Sources */,
				E702E3FC2B769A7E009965C5 /* SceneDelegate.swift in Sources */,
			);
			runOnlyForDeploymentPostprocessing = 0;
		};
/* End PBXSourcesBuildPhase section */

/* Begin PBXVariantGroup section */
		E702E3FF2B769A7E009965C5 /* Main.storyboard */ = {
			isa = PBXVariantGroup;
			children = (
				E702E4002B769A7E009965C5 /* Base */,
			);
			name = Main.storyboard;
			sourceTree = "<group>";
		};
		E702E4042B769A7F009965C5 /* LaunchScreen.storyboard */ = {
			isa = PBXVariantGroup;
			children = (
				E702E4052B769A7F009965C5 /* Base */,
			);
			name = LaunchScreen.storyboard;
			sourceTree = "<group>";
		};
/* End PBXVariantGroup section */

/* Begin XCBuildConfiguration section */
		E702E4082B769A7F009965C5 /* Debug */ = {
			isa = XCBuildConfiguration;
			buildSettings = {
				ALWAYS_SEARCH_USER_PATHS = NO;
				ASSETCATALOG_COMPILER_GENERATE_SWIFT_ASSET_SYMBOL_EXTENSIONS = YES;
				CLANG_ANALYZER_NONNULL = YES;
				CLANG_ANALYZER_NUMBER_OBJECT_CONVERSION = YES_AGGRESSIVE;
				CLANG_CXX_LANGUAGE_STANDARD = "gnu++20";
				CLANG_ENABLE_MODULES = YES;
				CLANG_ENABLE_OBJC_ARC = YES;
				CLANG_ENABLE_OBJC_WEAK = YES;
				CLANG_WARN_BLOCK_CAPTURE_AUTORELEASING = YES;
				CLANG_WARN_BOOL_CONVERSION = YES;
				CLANG_WARN_COMMA = YES;
				CLANG_WARN_CONSTANT_CONVERSION = YES;
				CLANG_WARN_DEPRECATED_OBJC_IMPLEMENTATIONS = YES;
				CLANG_WARN_DIRECT_OBJC_ISA_USAGE = YES_ERROR;
				CLANG_WARN_DOCUMENTATION_COMMENTS = YES;
				CLANG_WARN_EMPTY_BODY = YES;
				CLANG_WARN_ENUM_CONVERSION = YES;
				CLANG_WARN_INFINITE_RECURSION = YES;
				CLANG_WARN_INT_CONVERSION = YES;
				CLANG_WARN_NON_LITERAL_NULL_CONVERSION = YES;
				CLANG_WARN_OBJC_IMPLICIT_RETAIN_SELF = YES;
				CLANG_WARN_OBJC_LITERAL_CONVERSION = YES;
				CLANG_WARN_OBJC_ROOT_CLASS = YES_ERROR;
				CLANG_WARN_QUOTED_INCLUDE_IN_FRAMEWORK_HEADER = YES;
				CLANG_WARN_RANGE_LOOP_ANALYSIS = YES;
				CLANG_WARN_STRICT_PROTOTYPES = YES;
				CLANG_WARN_SUSPICIOUS_MOVE = YES;
				CLANG_WARN_UNGUARDED_AVAILABILITY = YES_AGGRESSIVE;
				CLANG_WARN_UNREACHABLE_CODE = YES;
				CLANG_WARN__DUPLICATE_METHOD_MATCH = YES;
				COPY_PHASE_STRIP = NO;
				DEBUG_INFORMATION_FORMAT = dwarf;
				ENABLE_STRICT_OBJC_MSGSEND = YES;
				ENABLE_TESTABILITY = YES;
				ENABLE_USER_SCRIPT_SANDBOXING = YES;
				GCC_C_LANGUAGE_STANDARD = gnu17;
				GCC_DYNAMIC_NO_PIC = NO;
				GCC_NO_COMMON_BLOCKS = YES;
				GCC_OPTIMIZATION_LEVEL = 0;
				GCC_PREPROCESSOR_DEFINITIONS = (
					"DEBUG=1",
					"$(inherited)",
				);
				GCC_WARN_64_TO_32_BIT_CONVERSION = YES;
				GCC_WARN_ABOUT_RETURN_TYPE = YES_ERROR;
				GCC_WARN_UNDECLARED_SELECTOR = YES;
				GCC_WARN_UNINITIALIZED_AUTOS = YES_AGGRESSIVE;
				GCC_WARN_UNUSED_FUNCTION = YES;
				GCC_WARN_UNUSED_VARIABLE = YES;
				IPHONEOS_DEPLOYMENT_TARGET = 17.2;
				LOCALIZATION_PREFERS_STRING_CATALOGS = YES;
				MTL_ENABLE_DEBUG_INFO = INCLUDE_SOURCE;
				MTL_FAST_MATH = YES;
				ONLY_ACTIVE_ARCH = YES;
				SDKROOT = iphoneos;
				SWIFT_ACTIVE_COMPILATION_CONDITIONS = "DEBUG $(inherited)";
				SWIFT_OPTIMIZATION_LEVEL = "-Onone";
			};
			name = Debug;
		};
		E702E4092B769A7F009965C5 /* Release */ = {
			isa = XCBuildConfiguration;
			buildSettings = {
				ALWAYS_SEARCH_USER_PATHS = NO;
				ASSETCATALOG_COMPILER_GENERATE_SWIFT_ASSET_SYMBOL_EXTENSIONS = YES;
				CLANG_ANALYZER_NONNULL = YES;
				CLANG_ANALYZER_NUMBER_OBJECT_CONVERSION = YES_AGGRESSIVE;
				CLANG_CXX_LANGUAGE_STANDARD = "gnu++20";
				CLANG_ENABLE_MODULES = YES;
				CLANG_ENABLE_OBJC_ARC = YES;
				CLANG_ENABLE_OBJC_WEAK = YES;
				CLANG_WARN_BLOCK_CAPTURE_AUTORELEASING = YES;
				CLANG_WARN_BOOL_CONVERSION = YES;
				CLANG_WARN_COMMA = YES;
				CLANG_WARN_CONSTANT_CONVERSION = YES;
				CLANG_WARN_DEPRECATED_OBJC_IMPLEMENTATIONS = YES;
				CLANG_WARN_DIRECT_OBJC_ISA_USAGE = YES_ERROR;
				CLANG_WARN_DOCUMENTATION_COMMENTS = YES;
				CLANG_WARN_EMPTY_BODY = YES;
				CLANG_WARN_ENUM_CONVERSION = YES;
				CLANG_WARN_INFINITE_RECURSION = YES;
				CLANG_WARN_INT_CONVERSION = YES;
				CLANG_WARN_NON_LITERAL_NULL_CONVERSION = YES;
				CLANG_WARN_OBJC_IMPLICIT_RETAIN_SELF = YES;
				CLANG_WARN_OBJC_LITERAL_CONVERSION = YES;
				CLANG_WARN_OBJC_ROOT_CLASS = YES_ERROR;
				CLANG_WARN_QUOTED_INCLUDE_IN_FRAMEWORK_HEADER = YES;
				CLANG_WARN_RANGE_LOOP_ANALYSIS = YES;
				CLANG_WARN_STRICT_PROTOTYPES = YES;
				CLANG_WARN_SUSPICIOUS_MOVE = YES;
				CLANG_WARN_UNGUARDED_AVAILABILITY = YES_AGGRESSIVE;
				CLANG_WARN_UNREACHABLE_CODE = YES;
				CLANG_WARN__DUPLICATE_METHOD_MATCH = YES;
				COPY_PHASE_STRIP = NO;
				DEBUG_INFORMATION_FORMAT = "dwarf-with-dsym";
				ENABLE_NS_ASSERTIONS = NO;
				ENABLE_STRICT_OBJC_MSGSEND = YES;
				ENABLE_USER_SCRIPT_SANDBOXING = YES;
				GCC_C_LANGUAGE_STANDARD = gnu17;
				GCC_NO_COMMON_BLOCKS = YES;
				GCC_WARN_64_TO_32_BIT_CONVERSION = YES;
				GCC_WARN_ABOUT_RETURN_TYPE = YES_ERROR;
				GCC_WARN_UNDECLARED_SELECTOR = YES;
				GCC_WARN_UNINITIALIZED_AUTOS = YES_AGGRESSIVE;
				GCC_WARN_UNUSED_FUNCTION = YES;
				GCC_WARN_UNUSED_VARIABLE = YES;
				IPHONEOS_DEPLOYMENT_TARGET = 17.2;
				LOCALIZATION_PREFERS_STRING_CATALOGS = YES;
				MTL_ENABLE_DEBUG_INFO = NO;
				MTL_FAST_MATH = YES;
				SDKROOT = iphoneos;
				SWIFT_COMPILATION_MODE = wholemodule;
				VALIDATE_PRODUCT = YES;
			};
			name = Release;
		};
		E702E40B2B769A7F009965C5 /* Debug */ = {
			isa = XCBuildConfiguration;
			buildSettings = {
				ASSETCATALOG_COMPILER_APPICON_NAME = AppIcon;
				ASSETCATALOG_COMPILER_GLOBAL_ACCENT_COLOR_NAME = AccentColor;
				CODE_SIGN_STYLE = Automatic;
				CURRENT_PROJECT_VERSION = 1;
				DEVELOPMENT_TEAM = 7G58TQVX6B;
				GENERATE_INFOPLIST_FILE = YES;
				INFOPLIST_FILE = IOS/Setup/Info.plist;
				INFOPLIST_KEY_UIApplicationSupportsIndirectInputEvents = YES;
				INFOPLIST_KEY_UILaunchStoryboardName = LaunchScreen;
				INFOPLIST_KEY_UIMainStoryboardFile = Main;
				INFOPLIST_KEY_UISupportedInterfaceOrientations_iPad = "UIInterfaceOrientationPortrait UIInterfaceOrientationPortraitUpsideDown UIInterfaceOrientationLandscapeLeft UIInterfaceOrientationLandscapeRight";
				INFOPLIST_KEY_UISupportedInterfaceOrientations_iPhone = "UIInterfaceOrientationPortrait UIInterfaceOrientationLandscapeLeft UIInterfaceOrientationLandscapeRight";
				LD_RUNPATH_SEARCH_PATHS = (
					"$(inherited)",
					"@executable_path/Frameworks",
				);
				MARKETING_VERSION = 1.0;
				PRODUCT_BUNDLE_IDENTIFIER = Pruebas.IOS;
				PRODUCT_NAME = "$(TARGET_NAME)";
				SWIFT_EMIT_LOC_STRINGS = YES;
				SWIFT_VERSION = 5.0;
				TARGETED_DEVICE_FAMILY = "1,2";
			};
			name = Debug;
		};
		E702E40C2B769A7F009965C5 /* Release */ = {
			isa = XCBuildConfiguration;
			buildSettings = {
				ASSETCATALOG_COMPILER_APPICON_NAME = AppIcon;
				ASSETCATALOG_COMPILER_GLOBAL_ACCENT_COLOR_NAME = AccentColor;
				CODE_SIGN_STYLE = Automatic;
				CURRENT_PROJECT_VERSION = 1;
				DEVELOPMENT_TEAM = 7G58TQVX6B;
				GENERATE_INFOPLIST_FILE = YES;
				INFOPLIST_FILE = IOS/Setup/Info.plist;
				INFOPLIST_KEY_UIApplicationSupportsIndirectInputEvents = YES;
				INFOPLIST_KEY_UILaunchStoryboardName = LaunchScreen;
				INFOPLIST_KEY_UIMainStoryboardFile = Main;
				INFOPLIST_KEY_UISupportedInterfaceOrientations_iPad = "UIInterfaceOrientationPortrait UIInterfaceOrientationPortraitUpsideDown UIInterfaceOrientationLandscapeLeft UIInterfaceOrientationLandscapeRight";
				INFOPLIST_KEY_UISupportedInterfaceOrientations_iPhone = "UIInterfaceOrientationPortrait UIInterfaceOrientationLandscapeLeft UIInterfaceOrientationLandscapeRight";
				LD_RUNPATH_SEARCH_PATHS = (
					"$(inherited)",
					"@executable_path/Frameworks",
				);
				MARKETING_VERSION = 1.0;
				PRODUCT_BUNDLE_IDENTIFIER = Pruebas.IOS;
				PRODUCT_NAME = "$(TARGET_NAME)";
				SWIFT_EMIT_LOC_STRINGS = YES;
				SWIFT_VERSION = 5.0;
				TARGETED_DEVICE_FAMILY = "1,2";
			};
			name = Release;
		};
/* End XCBuildConfiguration section */

/* Begin XCConfigurationList section */
		E702E3F12B769A7E009965C5 /* Build configuration list for PBXProject "IOS" */ = {
			isa = XCConfigurationList;
			buildConfigurations = (
				E702E4082B769A7F009965C5 /* Debug */,
				E702E4092B769A7F009965C5 /* Release */,
			);
			defaultConfigurationIsVisible = 0;
			defaultConfigurationName = Release;
		};
		E702E40A2B769A7F009965C5 /* Build configuration list for PBXNativeTarget "IOS" */ = {
			isa = XCConfigurationList;
			buildConfigurations = (
				E702E40B2B769A7F009965C5 /* Debug */,
				E702E40C2B769A7F009965C5 /* Release */,
			);
			defaultConfigurationIsVisible = 0;
			defaultConfigurationName = Release;
		};
/* End XCConfigurationList section */
	};
	rootObject = E702E3EE2B769A7E009965C5 /* Project object */;
}
